
Microsoft Visual Studio Solution File, Format Version 12.00
# Visual Studio Version 17
VisualStudioVersion = 17.13.35919.96 d17.13
MinimumVisualStudioVersion = 10.0.40219.1
Project("{FAE04EC0-301F-11D3-BF4B-00C04F79EFBC}") = "tp-winform-equipo-2A", "tp-winform-equipo-2A\tp-winform-equipo-2A.csproj", "{239B78C9-F217-4508-9201-D5177FD22D99}"
EndProject
Global
	GlobalSection(SolutionConfigurationPlatforms) = preSolution
		Debug|Any CPU = Debug|Any CPU
		Release|Any CPU = Release|Any CPU
	EndGlobalSection
	GlobalSection(ProjectConfigurationPlatforms) = postSolution
		{239B78C9-F217-4508-9201-D5177FD22D99}.Debug|Any CPU.ActiveCfg = Debug|Any CPU
		{239B78C9-F217-4508-9201-D5177FD22D99}.Debug|Any CPU.Build.0 = Debug|Any CPU
		{239B78C9-F217-4508-9201-D5177FD22D99}.Release|Any CPU.ActiveCfg = Release|Any CPU
		{239B78C9-F217-4508-9201-D5177FD22D99}.Release|Any CPU.Build.0 = Release|Any CPU
	EndGlobalSection
	GlobalSection(SolutionProperties) = preSolution
		HideSolutionNode = FALSE
	EndGlobalSection
	GlobalSection(ExtensibilityGlobals) = postSolution
		SolutionGuid = {9D50FFBF-F65E-4812-9FAA-136F8624462B}
	EndGlobalSection
EndGlobal
